
Microsoft Visual Studio Solution File, Format Version 12.00
# Visual Studio Version 17
VisualStudioVersion = 17.4.33205.214
MinimumVisualStudioVersion = 10.0.40219.1
Project("{FAE04EC0-301F-11D3-BF4B-00C04F79EFBC}") = "UserAPI", "UserAPI.csproj", "{5165C34B-2387-49AC-A632-92A3605E066B}"
EndProject
Project("{FAE04EC0-301F-11D3-BF4B-00C04F79EFBC}") = "Test", "..\Test\Test.csproj", "{B5EC2F28-2CDB-424B-8251-12E10E06B6FC}"
EndProject
Global
	GlobalSection(SolutionConfigurationPlatforms) = preSolution
		Debug|Any CPU = Debug|Any CPU
		Release|Any CPU = Release|Any CPU
	EndGlobalSection
	GlobalSection(ProjectConfigurationPlatforms) = postSolution
		{5165C34B-2387-49AC-A632-92A3605E066B}.Debug|Any CPU.ActiveCfg = Debug|Any CPU
		{5165C34B-2387-49AC-A632-92A3605E066B}.Debug|Any CPU.Build.0 = Debug|Any CPU
		{5165C34B-2387-49AC-A632-92A3605E066B}.Release|Any CPU.ActiveCfg = Release|Any CPU
		{5165C34B-2387-49AC-A632-92A3605E066B}.Release|Any CPU.Build.0 = Release|Any CPU
		{B5EC2F28-2CDB-424B-8251-12E10E06B6FC}.Debug|Any CPU.ActiveCfg = Debug|Any CPU
		{B5EC2F28-2CDB-424B-8251-12E10E06B6FC}.Debug|Any CPU.Build.0 = Debug|Any CPU
		{B5EC2F28-2CDB-424B-8251-12E10E06B6FC}.Release|Any CPU.ActiveCfg = Release|Any CPU
		{B5EC2F28-2CDB-424B-8251-12E10E06B6FC}.Release|Any CPU.Build.0 = Release|Any CPU
	EndGlobalSection
	GlobalSection(SolutionProperties) = preSolution
		HideSolutionNode = FALSE
	EndGlobalSection
	GlobalSection(ExtensibilityGlobals) = postSolution
		SolutionGuid = {0E8B7851-A09E-483B-8C52-5822C498CD13}
	EndGlobalSection
EndGlobal
